# THIS IS AN AUTOGENERATED FILE. DO NOT EDIT THIS FILE DIRECTLY.
# yarn lockfile v1


ws@^7.5.3:
  version "7.5.3"
  resolved "https://registry.nlark.com/ws/download/ws-7.5.3.tgz?cache=0&sync_timestamp=1625897011571&other_urls=https%3A%2F%2Fregistry.nlark.com%2Fws%2Fdownload%2Fws-7.5.3.tgz#160835b63c7d97bfab418fc1b8a9fced2ac01a74"
  integrity sha1-Fgg1tjx9l7+rQY/BuKn87SrAGnQ=
